{
  "version": 1,
  "dependencies": {
    "net8.0-windows7.0": {
      "DalamudPackager": {
        "type": "Direct",
        "requested": "[11.0.0, )",
        "resolved": "11.0.0",
        "contentHash": "bjT7XUlhIJSmsE/O76b7weUX+evvGQctbQB8aKXt94o+oPWxHpCepxAGMs7Thow3AzCyqWs7cOpp9/2wcgRRQA=="
      },
      "Microsoft.AspNetCore.SignalR.Client": {
        "type": "Direct",
        "requested": "[8.0.0, )",
        "resolved": "8.0.0",
        "contentHash": "ZAxPPLh32MAEg06maSaUMYTklH8cfZdHUqLGUA5CdolzLNmtjslLXGPzIGetzyDmOXZPzTT1QAj/gK2DSrqFjw==",
        "dependencies": {
          "Microsoft.AspNetCore.Http.Connections.Client": "8.0.0",
          "Microsoft.AspNetCore.SignalR.Client.Core": "8.0.0"
        }
      },
      "Microsoft.AspNetCore.Connections.Abstractions": {
        "type": "Transitive",
        "resolved": "8.0.0",
        "contentHash": "WgJE2+VyA0RW4yl+hgfrB7r4CSGcLzAvcVo31swukjXHZvBAjMilyG/pRJ8kroOO1h7sGf4r91Wii2L9gCMNfA==",
        "dependencies": {
          "Microsoft.Extensions.Features": "8.0.0",
          "System.IO.Pipelines": "8.0.0"
        }
      },
      "Microsoft.AspNetCore.Http.Connections.Client": {
        "type": "Transitive",
        "resolved": "8.0.0",
        "contentHash": "21F+t8ofQvH3LCKt6cvg6uzbF5jNbRwMJB5XOB4Prz7nEttP0iAq/EwqE7egdG8Nuoz56xd5jeKXHjU4S+KJ9g==",
        "dependencies": {
          "Microsoft.AspNetCore.Http.Connections.Common": "8.0.0",
          "Microsoft.Extensions.Logging.Abstractions": "8.0.0",
          "Microsoft.Extensions.Options": "8.0.0"
        }
      },
      "Microsoft.AspNetCore.Http.Connections.Common": {
        "type": "Transitive",
        "resolved": "8.0.0",
        "contentHash": "iNum3ueml3fqP2YFx6QQSQDsUw5kn7UfZ88NUNwF93bLGebYZ0xIjwdEKOFwutrWfQK/a0QaITUEfygM8pVbeA==",
        "dependencies": {
          "Microsoft.AspNetCore.Connections.Abstractions": "8.0.0"
        }
      },
      "Microsoft.AspNetCore.SignalR.Client.Core": {
        "type": "Transitive",
        "resolved": "8.0.0",
        "contentHash": "EIhKwrVMEy4IpFZY7+3I/91QwSFFAFIlAvTz1Q98VCoIYFuFMQsenA8Pg4lKmHCP8oIASVhtPB45haJ2ufovRw==",
        "dependencies": {
          "Microsoft.AspNetCore.SignalR.Common": "8.0.0",
          "Microsoft.AspNetCore.SignalR.Protocols.Json": "8.0.0",
          "Microsoft.Extensions.DependencyInjection": "8.0.0",
          "Microsoft.Extensions.Logging": "8.0.0",
          "System.Threading.Channels": "8.0.0"
        }
      },
      "Microsoft.AspNetCore.SignalR.Common": {
        "type": "Transitive",
        "resolved": "8.0.0",
        "contentHash": "HOy32Kb4z69sCep+pVUTL11L49pk8Ze18HuqCYllaRMdDlfcSrBE0stb8fJL+ogPKTB7XZAxpj1UT/IJQIfS6g==",
        "dependencies": {
          "Microsoft.AspNetCore.Connections.Abstractions": "8.0.0",
          "Microsoft.Extensions.Options": "8.0.0"
        }
      },
      "Microsoft.AspNetCore.SignalR.Protocols.Json": {
        "type": "Transitive",
        "resolved": "8.0.0",
        "contentHash": "3ygw561TXBKnqzfa5L7IBuo6BYgReHocyx4jdLc8utM49OAzU5u+6fTNjH/nvYOrDlPvUV+PZ3hH3jkZ0+Uocg==",
        "dependencies": {
          "Microsoft.AspNetCore.SignalR.Common": "8.0.0"
        }
      },
      "Microsoft.Extensions.DependencyInjection": {
        "type": "Transitive",
        "resolved": "8.0.0",
        "contentHash": "V8S3bsm50ig6JSyrbcJJ8bW2b9QLGouz+G1miK3UTaOWmMtFwNNNzUf4AleyDWUmTrWMLNnFSLEQtxmxgNQnNQ==",
        "dependencies": {
          "Microsoft.Extensions.DependencyInjection.Abstractions": "8.0.0"
        }
      },
      "Microsoft.Extensions.DependencyInjection.Abstractions": {
        "type": "Transitive",
        "resolved": "8.0.0",
        "contentHash": "cjWrLkJXK0rs4zofsK4bSdg+jhDLTaxrkXu4gS6Y7MAlCvRyNNgwY/lJi5RDlQOnSZweHqoyvgvbdvQsRIW+hg=="
      },
      "Microsoft.Extensions.Features": {
        "type": "Transitive",
        "resolved": "8.0.0",
        "contentHash": "fxj+P9aIbTLtguFwiNqBtGNl4ZU/2Aggwj4/Ruf3qFaiBk7r1t8KnyJ+bEIK5emMyGSszTndwnP/g+gBEP9zLA=="
      },
      "Microsoft.Extensions.Logging": {
        "type": "Transitive",
        "resolved": "8.0.0",
        "contentHash": "tvRkov9tAJ3xP51LCv3FJ2zINmv1P8Hi8lhhtcKGqM+ImiTCC84uOPEI4z8Cdq2C3o9e+Aa0Gw0rmrsJD77W+w==",
        "dependencies": {
          "Microsoft.Extensions.DependencyInjection": "8.0.0",
          "Microsoft.Extensions.Logging.Abstractions": "8.0.0",
          "Microsoft.Extensions.Options": "8.0.0"
        }
      },
      "Microsoft.Extensions.Logging.Abstractions": {
        "type": "Transitive",
        "resolved": "8.0.0",
        "contentHash": "arDBqTgFCyS0EvRV7O3MZturChstm50OJ0y9bDJvAcmEPJm0FFpFyjU/JLYyStNGGey081DvnQYlncNX5SJJGA==",
        "dependencies": {
          "Microsoft.Extensions.DependencyInjection.Abstractions": "8.0.0"
        }
      },
      "Microsoft.Extensions.Options": {
        "type": "Transitive",
        "resolved": "8.0.0",
        "contentHash": "JOVOfqpnqlVLUzINQ2fox8evY2SKLYJ3BV8QDe/Jyp21u1T7r45x/R/5QdteURMR5r01GxeJSBBUOCOyaNXA3g==",
        "dependencies": {
          "Microsoft.Extensions.DependencyInjection.Abstractions": "8.0.0",
          "Microsoft.Extensions.Primitives": "8.0.0"
        }
      },
      "Microsoft.Extensions.Primitives": {
        "type": "Transitive",
        "resolved": "8.0.0",
        "contentHash": "bXJEZrW9ny8vjMF1JV253WeLhpEVzFo1lyaZu1vQ4ZxWUlVvknZ/+ftFgVheLubb4eZPSwwxBeqS1JkCOjxd8g=="
      },
      "System.IO.Pipelines": {
        "type": "Transitive",
        "resolved": "8.0.0",
        "contentHash": "FHNOatmUq0sqJOkTx+UF/9YK1f180cnW5FVqnQMvYUN0elp6wFzbtPSiqbo1/ru8ICp43JM1i7kKkk6GsNGHlA=="
      },
      "System.Threading.Channels": {
        "type": "Transitive",
        "resolved": "8.0.0",
        "contentHash": "CMaFr7v+57RW7uZfZkPExsPB6ljwzhjACWW1gfU35Y56rk72B/Wu+sTqxVmGSk4SFUlPc3cjeKND0zktziyjBA=="
      }
    },
    "net8.0-windows7.0/win-x64": {}
  }
}