{
  "version": 1,
  "dependencies": {
    "net10.0-windows7.0": {
      "DalamudPackager": {
        "type": "Direct",
        "requested": "[14.0.1, )",
        "resolved": "14.0.1",
        "contentHash": "y0WWyUE6dhpGdolK3iKgwys05/nZaVf4ZPtIjpLhJBZvHxkkiE23zYRo7K7uqAgoK/QvK5cqF6l3VG5AbgC6KA=="
      },
      "DotNet.ReproducibleBuilds": {
        "type": "Direct",
        "requested": "[1.2.39, )",
        "resolved": "1.2.39",
        "contentHash": "fcFN01tDTIQqDuTwr1jUQK/geofiwjG5DycJQOnC72i1SsLAk1ELe+apBOuZ11UMQG8YKFZG1FgvjZPbqHyatg=="
      },
      "Microsoft.AspNetCore.SignalR.Client": {
        "type": "Direct",
        "requested": "[10.0.0, )",
        "resolved": "10.0.0",
        "contentHash": "XHPNPLqPX7CVJ5JuaumTP58sAVrQG4TqFKLFOtN1mZIwgEUHKwtDeMwL0G8dIvy9zcpi7os4CYAHvA1bUUTzVw==",
        "dependencies": {
          "Microsoft.AspNetCore.Http.Connections.Client": "10.0.0",
          "Microsoft.AspNetCore.SignalR.Client.Core": "10.0.0"
        }
      },
      "Microsoft.AspNetCore.Http.Connections.Client": {
        "type": "Transitive",
        "resolved": "10.0.0",
        "contentHash": "7nSER+de0V6mWTcdUqBJZlm1XMz+Y2mTHzL3B/msVF+JfSXXZtKNVC18TI7AeSz4PD//b5qpy8n0RQEIVByfJw=="
      },
      "Microsoft.AspNetCore.SignalR.Client.Core": {
        "type": "Transitive",
        "resolved": "10.0.0",
        "contentHash": "MrXjT7YNV0e1Jb3Hai6kX/Ot7X2SlONHv5IC5XNGeycTTLu3qitJ7DXZUsPPZs6yanWIOsIKjPEY58ARHdRKGg=="
      }
    },
    "net10.0-windows7.0/win-x64": {}
  }
}