{
  "version": 1,
  "dependencies": {
    "net10.0-windows7.0": {
      "DalamudPackager": {
        "type": "Direct",
        "requested": "[14.0.1, )",
        "resolved": "14.0.1",
        "contentHash": "y0WWyUE6dhpGdolK3iKgwys05/nZaVf4ZPtIjpLhJBZvHxkkiE23zYRo7K7uqAgoK/QvK5cqF6l3VG5AbgC6KA=="
      },
      "DotNet.ReproducibleBuilds": {
        "type": "Direct",
        "requested": "[1.2.39, )",
        "resolved": "1.2.39",
        "contentHash": "fcFN01tDTIQqDuTwr1jUQK/geofiwjG5DycJQOnC72i1SsLAk1ELe+apBOuZ11UMQG8YKFZG1FgvjZPbqHyatg=="
      },
      "Microsoft.AspNetCore.SignalR.Client": {
        "type": "Direct",
        "requested": "[10.0.1, )",
        "resolved": "10.0.1",
        "contentHash": "mGlS8W2siQaJVVId2VGQ0I+7Lj49oqFxsb/bIil7GBNeazB6fBP8Ljf5tZUNzUN9WdQU5aI85WXCW9+Fsx2dZQ==",
        "dependencies": {
          "Microsoft.AspNetCore.Http.Connections.Client": "10.0.1",
          "Microsoft.AspNetCore.SignalR.Client.Core": "10.0.1"
        }
      },
      "Microsoft.AspNetCore.Http.Connections.Client": {
        "type": "Transitive",
        "resolved": "10.0.1",
        "contentHash": "+6lrifIZCL1heJtLugtkqEa191BIfUkhyAnBORbHg1eg4Vl+ijsxAzyOZxQTZbVMSJHKQCQFTEKf6H+YpSDWjA=="
      },
      "Microsoft.AspNetCore.SignalR.Client.Core": {
        "type": "Transitive",
        "resolved": "10.0.1",
        "contentHash": "lkPaGkCtVibYBzUzO8gTGsX39L5XeZl8KArueePWMYqs6c2G58ch4fmKL0qMRqsFQ84uqd+5uOJ96dClusC+IQ=="
      }
    },
    "net10.0-windows7.0/win-x64": {}
  }
}